
Microsoft Visual Studio Solution File, Format Version 12.00
# Visual Studio 15
VisualStudioVersion = 15.0.28307.572
MinimumVisualStudioVersion = 10.0.40219.1
Project("{FAE04EC0-301F-11D3-BF4B-00C04F79EFBC}") = "Land.Android", "Land\Land.Android\Land.Android.csproj", "{8718B11C-21C2-4960-AB8D-C7A1FE8D46AF}"
EndProject
Project("{FAE04EC0-301F-11D3-BF4B-00C04F79EFBC}") = "Land.iOS", "Land\Land.iOS\Land.iOS.csproj", "{5A2C8264-C6E4-47B4-93EC-6B3F291CA622}"
EndProject
Project("{FAE04EC0-301F-11D3-BF4B-00C04F79EFBC}") = "Land.UWP", "Land\Land.UWP\Land.UWP.csproj", "{276E7FDA-8707-43B3-A845-6CB140FE0529}"
EndProject
Project("{FAE04EC0-301F-11D3-BF4B-00C04F79EFBC}") = "Land", "Land\Land\Land.csproj", "{D252DBA0-08F5-4FDF-B2C2-876752948E10}"
EndProject
Global
	GlobalSection(SolutionConfigurationPlatforms) = preSolution
		Ad-Hoc|Any CPU = Ad-Hoc|Any CPU
		Ad-Hoc|ARM = Ad-Hoc|ARM
		Ad-Hoc|iPhone = Ad-Hoc|iPhone
		Ad-Hoc|iPhoneSimulator = Ad-Hoc|iPhoneSimulator
		Ad-Hoc|x64 = Ad-Hoc|x64
		Ad-Hoc|x86 = Ad-Hoc|x86
		AppStore|Any CPU = AppStore|Any CPU
		AppStore|ARM = AppStore|ARM
		AppStore|iPhone = AppStore|iPhone
		AppStore|iPhoneSimulator = AppStore|iPhoneSimulator
		AppStore|x64 = AppStore|x64
		AppStore|x86 = AppStore|x86
		Debug|Any CPU = Debug|Any CPU
		Debug|ARM = Debug|ARM
		Debug|iPhone = Debug|iPhone
		Debug|iPhoneSimulator = Debug|iPhoneSimulator
		Debug|x64 = Debug|x64
		Debug|x86 = Debug|x86
		Release|Any CPU = Release|Any CPU
		Release|ARM = Release|ARM
		Release|iPhone = Release|iPhone
		Release|iPhoneSimulator = Release|iPhoneSimulator
		Release|x64 = Release|x64
		Release|x86 = Release|x86
	EndGlobalSection
	GlobalSection(ProjectConfigurationPlatforms) = postSolution
		{8718B11C-21C2-4960-AB8D-C7A1FE8D46AF}.Ad-Hoc|Any CPU.ActiveCfg = Release|Any CPU
		{8718B11C-21C2-4960-AB8D-C7A1FE8D46AF}.Ad-Hoc|Any CPU.Build.0 = Release|Any CPU
		{8718B11C-21C2-4960-AB8D-C7A1FE8D46AF}.Ad-Hoc|Any CPU.Deploy.0 = Release|Any CPU
		{8718B11C-21C2-4960-AB8D-C7A1FE8D46AF}.Ad-Hoc|ARM.ActiveCfg = Release|Any CPU
		{8718B11C-21C2-4960-AB8D-C7A1FE8D46AF}.Ad-Hoc|ARM.Build.0 = Release|Any CPU
		{8718B11C-21C2-4960-AB8D-C7A1FE8D46AF}.Ad-Hoc|ARM.Deploy.0 = Release|Any CPU
		{8718B11C-21C2-4960-AB8D-C7A1FE8D46AF}.Ad-Hoc|iPhone.ActiveCfg = Release|Any CPU
		{8718B11C-21C2-4960-AB8D-C7A1FE8D46AF}.Ad-Hoc|iPhone.Build.0 = Release|Any CPU
		{8718B11C-21C2-4960-AB8D-C7A1FE8D46AF}.Ad-Hoc|iPhone.Deploy.0 = Release|Any CPU
		{8718B11C-21C2-4960-AB8D-C7A1FE8D46AF}.Ad-Hoc|iPhoneSimulator.ActiveCfg = Release|Any CPU
		{8718B11C-21C2-4960-AB8D-C7A1FE8D46AF}.Ad-Hoc|iPhoneSimulator.Build.0 = Release|Any CPU
		{8718B11C-21C2-4960-AB8D-C7A1FE8D46AF}.Ad-Hoc|iPhoneSimulator.Deploy.0 = Release|Any CPU
		{8718B11C-21C2-4960-AB8D-C7A1FE8D46AF}.Ad-Hoc|x64.ActiveCfg = Release|Any CPU
		{8718B11C-21C2-4960-AB8D-C7A1FE8D46AF}.Ad-Hoc|x64.Build.0 = Release|Any CPU
		{8718B11C-21C2-4960-AB8D-C7A1FE8D46AF}.Ad-Hoc|x64.Deploy.0 = Release|Any CPU
		{8718B11C-21C2-4960-AB8D-C7A1FE8D46AF}.Ad-Hoc|x86.ActiveCfg = Release|Any CPU
		{8718B11C-21C2-4960-AB8D-C7A1FE8D46AF}.Ad-Hoc|x86.Build.0 = Release|Any CPU
		{8718B11C-21C2-4960-AB8D-C7A1FE8D46AF}.Ad-Hoc|x86.Deploy.0 = Release|Any CPU
		{8718B11C-21C2-4960-AB8D-C7A1FE8D46AF}.AppStore|Any CPU.ActiveCfg = Release|Any CPU
		{8718B11C-21C2-4960-AB8D-C7A1FE8D46AF}.AppStore|Any CPU.Build.0 = Release|Any CPU
		{8718B11C-21C2-4960-AB8D-C7A1FE8D46AF}.AppStore|Any CPU.Deploy.0 = Release|Any CPU
		{8718B11C-21C2-4960-AB8D-C7A1FE8D46AF}.AppStore|ARM.ActiveCfg = Release|Any CPU
		{8718B11C-21C2-4960-AB8D-C7A1FE8D46AF}.AppStore|ARM.Build.0 = Release|Any CPU
		{8718B11C-21C2-4960-AB8D-C7A1FE8D46AF}.AppStore|ARM.Deploy.0 = Release|Any CPU
		{8718B11C-21C2-4960-AB8D-C7A1FE8D46AF}.AppStore|iPhone.ActiveCfg = Release|Any CPU
		{8718B11C-21C2-4960-AB8D-C7A1FE8D46AF}.AppStore|iPhone.Build.0 = Release|Any CPU
		{8718B11C-21C2-4960-AB8D-C7A1FE8D46AF}.AppStore|iPhone.Deploy.0 = Release|Any CPU
		{8718B11C-21C2-4960-AB8D-C7A1FE8D46AF}.AppStore|iPhoneSimulator.ActiveCfg = Release|Any CPU
		{8718B11C-21C2-4960-AB8D-C7A1FE8D46AF}.AppStore|iPhoneSimulator.Build.0 = Release|Any CPU
		{8718B11C-21C2-4960-AB8D-C7A1FE8D46AF}.AppStore|iPhoneSimulator.Deploy.0 = Release|Any CPU
		{8718B11C-21C2-4960-AB8D-C7A1FE8D46AF}.AppStore|x64.ActiveCfg = Release|Any CPU
		{8718B11C-21C2-4960-AB8D-C7A1FE8D46AF}.AppStore|x64.Build.0 = Release|Any CPU
		{8718B11C-21C2-4960-AB8D-C7A1FE8D46AF}.AppStore|x64.Deploy.0 = Release|Any CPU
		{8718B11C-21C2-4960-AB8D-C7A1FE8D46AF}.AppStore|x86.ActiveCfg = Release|Any CPU
		{8718B11C-21C2-4960-AB8D-C7A1FE8D46AF}.AppStore|x86.Build.0 = Release|Any CPU
		{8718B11C-21C2-4960-AB8D-C7A1FE8D46AF}.AppStore|x86.Deploy.0 = Release|Any CPU
		{8718B11C-21C2-4960-AB8D-C7A1FE8D46AF}.Debug|Any CPU.ActiveCfg = Debug|Any CPU
		{8718B11C-21C2-4960-AB8D-C7A1FE8D46AF}.Debug|Any CPU.Build.0 = Debug|Any CPU
		{8718B11C-21C2-4960-AB8D-C7A1FE8D46AF}.Debug|Any CPU.Deploy.0 = Debug|Any CPU
		{8718B11C-21C2-4960-AB8D-C7A1FE8D46AF}.Debug|ARM.ActiveCfg = Debug|Any CPU
		{8718B11C-21C2-4960-AB8D-C7A1FE8D46AF}.Debug|ARM.Build.0 = Debug|Any CPU
		{8718B11C-21C2-4960-AB8D-C7A1FE8D46AF}.Debug|ARM.Deploy.0 = Debug|Any CPU
		{8718B11C-21C2-4960-AB8D-C7A1FE8D46AF}.Debug|iPhone.ActiveCfg = Debug|Any CPU
		{8718B11C-21C2-4960-AB8D-C7A1FE8D46AF}.Debug|iPhone.Build.0 = Debug|Any CPU
		{8718B11C-21C2-4960-AB8D-C7A1FE8D46AF}.Debug|iPhone.Deploy.0 = Debug|Any CPU
		{8718B11C-21C2-4960-AB8D-C7A1FE8D46AF}.Debug|iPhoneSimulator.ActiveCfg = Debug|Any CPU
		{8718B11C-21C2-4960-AB8D-C7A1FE8D46AF}.Debug|iPhoneSimulator.Build.0 = Debug|Any CPU
		{8718B11C-21C2-4960-AB8D-C7A1FE8D46AF}.Debug|iPhoneSimulator.Deploy.0 = Debug|Any CPU
		{8718B11C-21C2-4960-AB8D-C7A1FE8D46AF}.Debug|x64.ActiveCfg = Debug|Any CPU
		{8718B11C-21C2-4960-AB8D-C7A1FE8D46AF}.Debug|x64.Build.0 = Debug|Any CPU
		{8718B11C-21C2-4960-AB8D-C7A1FE8D46AF}.Debug|x64.Deploy.0 = Debug|Any CPU
		{8718B11C-21C2-4960-AB8D-C7A1FE8D46AF}.Debug|x86.ActiveCfg = Debug|Any CPU
		{8718B11C-21C2-4960-AB8D-C7A1FE8D46AF}.Debug|x86.Build.0 = Debug|Any CPU
		{8718B11C-21C2-4960-AB8D-C7A1FE8D46AF}.Debug|x86.Deploy.0 = Debug|Any CPU
		{8718B11C-21C2-4960-AB8D-C7A1FE8D46AF}.Release|Any CPU.ActiveCfg = Release|Any CPU
		{8718B11C-21C2-4960-AB8D-C7A1FE8D46AF}.Release|Any CPU.Build.0 = Release|Any CPU
		{8718B11C-21C2-4960-AB8D-C7A1FE8D46AF}.Release|Any CPU.Deploy.0 = Release|Any CPU
		{8718B11C-21C2-4960-AB8D-C7A1FE8D46AF}.Release|ARM.ActiveCfg = Release|Any CPU
		{8718B11C-21C2-4960-AB8D-C7A1FE8D46AF}.Release|ARM.Build.0 = Release|Any CPU
		{8718B11C-21C2-4960-AB8D-C7A1FE8D46AF}.Release|ARM.Deploy.0 = Release|Any CPU
		{8718B11C-21C2-4960-AB8D-C7A1FE8D46AF}.Release|iPhone.ActiveCfg = Release|Any CPU
		{8718B11C-21C2-4960-AB8D-C7A1FE8D46AF}.Release|iPhone.Build.0 = Release|Any CPU
		{8718B11C-21C2-4960-AB8D-C7A1FE8D46AF}.Release|iPhone.Deploy.0 = Release|Any CPU
		{8718B11C-21C2-4960-AB8D-C7A1FE8D46AF}.Release|iPhoneSimulator.ActiveCfg = Release|Any CPU
		{8718B11C-21C2-4960-AB8D-C7A1FE8D46AF}.Release|iPhoneSimulator.Build.0 = Release|Any CPU
		{8718B11C-21C2-4960-AB8D-C7A1FE8D46AF}.Release|iPhoneSimulator.Deploy.0 = Release|Any CPU
		{8718B11C-21C2-4960-AB8D-C7A1FE8D46AF}.Release|x64.ActiveCfg = Release|Any CPU
		{8718B11C-21C2-4960-AB8D-C7A1FE8D46AF}.Release|x64.Build.0 = Release|Any CPU
		{8718B11C-21C2-4960-AB8D-C7A1FE8D46AF}.Release|x64.Deploy.0 = Release|Any CPU
		{8718B11C-21C2-4960-AB8D-C7A1FE8D46AF}.Release|x86.ActiveCfg = Release|Any CPU
		{8718B11C-21C2-4960-AB8D-C7A1FE8D46AF}.Release|x86.Build.0 = Release|Any CPU
		{8718B11C-21C2-4960-AB8D-C7A1FE8D46AF}.Release|x86.Deploy.0 = Release|Any CPU
		{5A2C8264-C6E4-47B4-93EC-6B3F291CA622}.Ad-Hoc|Any CPU.ActiveCfg = Ad-Hoc|iPhone
		{5A2C8264-C6E4-47B4-93EC-6B3F291CA622}.Ad-Hoc|Any CPU.Build.0 = Ad-Hoc|iPhone
		{5A2C8264-C6E4-47B4-93EC-6B3F291CA622}.Ad-Hoc|Any CPU.Deploy.0 = Ad-Hoc|iPhone
		{5A2C8264-C6E4-47B4-93EC-6B3F291CA622}.Ad-Hoc|ARM.ActiveCfg = Ad-Hoc|iPhone
		{5A2C8264-C6E4-47B4-93EC-6B3F291CA622}.Ad-Hoc|ARM.Build.0 = Ad-Hoc|iPhone
		{5A2C8264-C6E4-47B4-93EC-6B3F291CA622}.Ad-Hoc|ARM.Deploy.0 = Ad-Hoc|iPhone
		{5A2C8264-C6E4-47B4-93EC-6B3F291CA622}.Ad-Hoc|iPhone.ActiveCfg = Ad-Hoc|iPhone
		{5A2C8264-C6E4-47B4-93EC-6B3F291CA622}.Ad-Hoc|iPhone.Build.0 = Ad-Hoc|iPhone
		{5A2C8264-C6E4-47B4-93EC-6B3F291CA622}.Ad-Hoc|iPhone.Deploy.0 = Ad-Hoc|iPhone
		{5A2C8264-C6E4-47B4-93EC-6B3F291CA622}.Ad-Hoc|iPhoneSimulator.ActiveCfg = Ad-Hoc|iPhoneSimulator
		{5A2C8264-C6E4-47B4-93EC-6B3F291CA622}.Ad-Hoc|iPhoneSimulator.Build.0 = Ad-Hoc|iPhoneSimulator
		{5A2C8264-C6E4-47B4-93EC-6B3F291CA622}.Ad-Hoc|iPhoneSimulator.Deploy.0 = Ad-Hoc|iPhoneSimulator
		{5A2C8264-C6E4-47B4-93EC-6B3F291CA622}.Ad-Hoc|x64.ActiveCfg = Ad-Hoc|iPhone
		{5A2C8264-C6E4-47B4-93EC-6B3F291CA622}.Ad-Hoc|x64.Build.0 = Ad-Hoc|iPhone
		{5A2C8264-C6E4-47B4-93EC-6B3F291CA622}.Ad-Hoc|x64.Deploy.0 = Ad-Hoc|iPhone
		{5A2C8264-C6E4-47B4-93EC-6B3F291CA622}.Ad-Hoc|x86.ActiveCfg = Ad-Hoc|iPhone
		{5A2C8264-C6E4-47B4-93EC-6B3F291CA622}.Ad-Hoc|x86.Build.0 = Ad-Hoc|iPhone
		{5A2C8264-C6E4-47B4-93EC-6B3F291CA622}.Ad-Hoc|x86.Deploy.0 = Ad-Hoc|iPhone
		{5A2C8264-C6E4-47B4-93EC-6B3F291CA622}.AppStore|Any CPU.ActiveCfg = AppStore|iPhone
		{5A2C8264-C6E4-47B4-93EC-6B3F291CA622}.AppStore|Any CPU.Build.0 = AppStore|iPhone
		{5A2C8264-C6E4-47B4-93EC-6B3F291CA622}.AppStore|Any CPU.Deploy.0 = AppStore|iPhone
		{5A2C8264-C6E4-47B4-93EC-6B3F291CA622}.AppStore|ARM.ActiveCfg = AppStore|iPhone
		{5A2C8264-C6E4-47B4-93EC-6B3F291CA622}.AppStore|ARM.Build.0 = AppStore|iPhone
		{5A2C8264-C6E4-47B4-93EC-6B3F291CA622}.AppStore|ARM.Deploy.0 = AppStore|iPhone
		{5A2C8264-C6E4-47B4-93EC-6B3F291CA622}.AppStore|iPhone.ActiveCfg = AppStore|iPhone
		{5A2C8264-C6E4-47B4-93EC-6B3F291CA622}.AppStore|iPhone.Build.0 = AppStore|iPhone
		{5A2C8264-C6E4-47B4-93EC-6B3F291CA622}.AppStore|iPhone.Deploy.0 = AppStore|iPhone
		{5A2C8264-C6E4-47B4-93EC-6B3F291CA622}.AppStore|iPhoneSimulator.ActiveCfg = AppStore|iPhoneSimulator
		{5A2C8264-C6E4-47B4-93EC-6B3F291CA622}.AppStore|iPhoneSimulator.Build.0 = AppStore|iPhoneSimulator
		{5A2C8264-C6E4-47B4-93EC-6B3F291CA622}.AppStore|iPhoneSimulator.Deploy.0 = AppStore|iPhoneSimulator
		{5A2C8264-C6E4-47B4-93EC-6B3F291CA622}.AppStore|x64.ActiveCfg = AppStore|iPhone
		{5A2C8264-C6E4-47B4-93EC-6B3F291CA622}.AppStore|x64.Build.0 = AppStore|iPhone
		{5A2C8264-C6E4-47B4-93EC-6B3F291CA622}.AppStore|x64.Deploy.0 = AppStore|iPhone
		{5A2C8264-C6E4-47B4-93EC-6B3F291CA622}.AppStore|x86.ActiveCfg = AppStore|iPhone
		{5A2C8264-C6E4-47B4-93EC-6B3F291CA622}.AppStore|x86.Build.0 = AppStore|iPhone
		{5A2C8264-C6E4-47B4-93EC-6B3F291CA622}.AppStore|x86.Deploy.0 = AppStore|iPhone
		{5A2C8264-C6E4-47B4-93EC-6B3F291CA622}.Debug|Any CPU.ActiveCfg = Debug|iPhoneSimulator
		{5A2C8264-C6E4-47B4-93EC-6B3F291CA622}.Debug|Any CPU.Build.0 = Debug|iPhoneSimulator
		{5A2C8264-C6E4-47B4-93EC-6B3F291CA622}.Debug|Any CPU.Deploy.0 = Debug|iPhoneSimulator
		{5A2C8264-C6E4-47B4-93EC-6B3F291CA622}.Debug|ARM.ActiveCfg = Debug|iPhone
		{5A2C8264-C6E4-47B4-93EC-6B3F291CA622}.Debug|ARM.Build.0 = Debug|iPhone
		{5A2C8264-C6E4-47B4-93EC-6B3F291CA622}.Debug|ARM.Deploy.0 = Debug|iPhone
		{5A2C8264-C6E4-47B4-93EC-6B3F291CA622}.Debug|iPhone.ActiveCfg = Debug|iPhone
		{5A2C8264-C6E4-47B4-93EC-6B3F291CA622}.Debug|iPhone.Build.0 = Debug|iPhone
		{5A2C8264-C6E4-47B4-93EC-6B3F291CA622}.Debug|iPhone.Deploy.0 = Debug|iPhone
		{5A2C8264-C6E4-47B4-93EC-6B3F291CA622}.Debug|iPhoneSimulator.ActiveCfg = Debug|iPhoneSimulator
		{5A2C8264-C6E4-47B4-93EC-6B3F291CA622}.Debug|iPhoneSimulator.Build.0 = Debug|iPhoneSimulator
		{5A2C8264-C6E4-47B4-93EC-6B3F291CA622}.Debug|iPhoneSimulator.Deploy.0 = Debug|iPhoneSimulator
		{5A2C8264-C6E4-47B4-93EC-6B3F291CA622}.Debug|x64.ActiveCfg = Debug|iPhone
		{5A2C8264-C6E4-47B4-93EC-6B3F291CA622}.Debug|x64.Build.0 = Debug|iPhone
		{5A2C8264-C6E4-47B4-93EC-6B3F291CA622}.Debug|x64.Deploy.0 = Debug|iPhone
		{5A2C8264-C6E4-47B4-93EC-6B3F291CA622}.Debug|x86.ActiveCfg = Debug|iPhone
		{5A2C8264-C6E4-47B4-93EC-6B3F291CA622}.Debug|x86.Build.0 = Debug|iPhone
		{5A2C8264-C6E4-47B4-93EC-6B3F291CA622}.Debug|x86.Deploy.0 = Debug|iPhone
		{5A2C8264-C6E4-47B4-93EC-6B3F291CA622}.Release|Any CPU.ActiveCfg = Release|iPhone
		{5A2C8264-C6E4-47B4-93EC-6B3F291CA622}.Release|Any CPU.Build.0 = Release|iPhone
		{5A2C8264-C6E4-47B4-93EC-6B3F291CA622}.Release|Any CPU.Deploy.0 = Release|iPhone
		{5A2C8264-C6E4-47B4-93EC-6B3F291CA622}.Release|ARM.ActiveCfg = Release|iPhone
		{5A2C8264-C6E4-47B4-93EC-6B3F291CA622}.Release|ARM.Build.0 = Release|iPhone
		{5A2C8264-C6E4-47B4-93EC-6B3F291CA622}.Release|ARM.Deploy.0 = Release|iPhone
		{5A2C8264-C6E4-47B4-93EC-6B3F291CA622}.Release|iPhone.ActiveCfg = Release|iPhone
		{5A2C8264-C6E4-47B4-93EC-6B3F291CA622}.Release|iPhone.Build.0 = Release|iPhone
		{5A2C8264-C6E4-47B4-93EC-6B3F291CA622}.Release|iPhone.Deploy.0 = Release|iPhone
		{5A2C8264-C6E4-47B4-93EC-6B3F291CA622}.Release|iPhoneSimulator.ActiveCfg = Release|iPhoneSimulator
		{5A2C8264-C6E4-47B4-93EC-6B3F291CA622}.Release|iPhoneSimulator.Build.0 = Release|iPhoneSimulator
		{5A2C8264-C6E4-47B4-93EC-6B3F291CA622}.Release|iPhoneSimulator.Deploy.0 = Release|iPhoneSimulator
		{5A2C8264-C6E4-47B4-93EC-6B3F291CA622}.Release|x64.ActiveCfg = Release|iPhone
		{5A2C8264-C6E4-47B4-93EC-6B3F291CA622}.Release|x64.Build.0 = Release|iPhone
		{5A2C8264-C6E4-47B4-93EC-6B3F291CA622}.Release|x64.Deploy.0 = Release|iPhone
		{5A2C8264-C6E4-47B4-93EC-6B3F291CA622}.Release|x86.ActiveCfg = Release|iPhone
		{5A2C8264-C6E4-47B4-93EC-6B3F291CA622}.Release|x86.Build.0 = Release|iPhone
		{5A2C8264-C6E4-47B4-93EC-6B3F291CA622}.Release|x86.Deploy.0 = Release|iPhone
		{276E7FDA-8707-43B3-A845-6CB140FE0529}.Ad-Hoc|Any CPU.ActiveCfg = Release|x86
		{276E7FDA-8707-43B3-A845-6CB140FE0529}.Ad-Hoc|Any CPU.Build.0 = Release|x86
		{276E7FDA-8707-43B3-A845-6CB140FE0529}.Ad-Hoc|Any CPU.Deploy.0 = Release|x86
		{276E7FDA-8707-43B3-A845-6CB140FE0529}.Ad-Hoc|ARM.ActiveCfg = Release|ARM
		{276E7FDA-8707-43B3-A845-6CB140FE0529}.Ad-Hoc|ARM.Build.0 = Release|ARM
		{276E7FDA-8707-43B3-A845-6CB140FE0529}.Ad-Hoc|ARM.Deploy.0 = Release|ARM
		{276E7FDA-8707-43B3-A845-6CB140FE0529}.Ad-Hoc|iPhone.ActiveCfg = Release|x86
		{276E7FDA-8707-43B3-A845-6CB140FE0529}.Ad-Hoc|iPhone.Build.0 = Release|x86
		{276E7FDA-8707-43B3-A845-6CB140FE0529}.Ad-Hoc|iPhone.Deploy.0 = Release|x86
		{276E7FDA-8707-43B3-A845-6CB140FE0529}.Ad-Hoc|iPhoneSimulator.ActiveCfg = Release|x86
		{276E7FDA-8707-43B3-A845-6CB140FE0529}.Ad-Hoc|iPhoneSimulator.Build.0 = Release|x86
		{276E7FDA-8707-43B3-A845-6CB140FE0529}.Ad-Hoc|iPhoneSimulator.Deploy.0 = Release|x86
		{276E7FDA-8707-43B3-A845-6CB140FE0529}.Ad-Hoc|x64.ActiveCfg = Release|x64
		{276E7FDA-8707-43B3-A845-6CB140FE0529}.Ad-Hoc|x64.Build.0 = Release|x64
		{276E7FDA-8707-43B3-A845-6CB140FE0529}.Ad-Hoc|x64.Deploy.0 = Release|x64
		{276E7FDA-8707-43B3-A845-6CB140FE0529}.Ad-Hoc|x86.ActiveCfg = Release|x86
		{276E7FDA-8707-43B3-A845-6CB140FE0529}.Ad-Hoc|x86.Build.0 = Release|x86
		{276E7FDA-8707-43B3-A845-6CB140FE0529}.Ad-Hoc|x86.Deploy.0 = Release|x86
		{276E7FDA-8707-43B3-A845-6CB140FE0529}.AppStore|Any CPU.ActiveCfg = Release|x86
		{276E7FDA-8707-43B3-A845-6CB140FE0529}.AppStore|Any CPU.Build.0 = Release|x86
		{276E7FDA-8707-43B3-A845-6CB140FE0529}.AppStore|Any CPU.Deploy.0 = Release|x86
		{276E7FDA-8707-43B3-A845-6CB140FE0529}.AppStore|ARM.ActiveCfg = Release|ARM
		{276E7FDA-8707-43B3-A845-6CB140FE0529}.AppStore|ARM.Build.0 = Release|ARM
		{276E7FDA-8707-43B3-A845-6CB140FE0529}.AppStore|ARM.Deploy.0 = Release|ARM
		{276E7FDA-8707-43B3-A845-6CB140FE0529}.AppStore|iPhone.ActiveCfg = Release|x86
		{276E7FDA-8707-43B3-A845-6CB140FE0529}.AppStore|iPhone.Build.0 = Release|x86
		{276E7FDA-8707-43B3-A845-6CB140FE0529}.AppStore|iPhone.Deploy.0 = Release|x86
		{276E7FDA-8707-43B3-A845-6CB140FE0529}.AppStore|iPhoneSimulator.ActiveCfg = Release|x86
		{276E7FDA-8707-43B3-A845-6CB140FE0529}.AppStore|iPhoneSimulator.Build.0 = Release|x86
		{276E7FDA-8707-43B3-A845-6CB140FE0529}.AppStore|iPhoneSimulator.Deploy.0 = Release|x86
		{276E7FDA-8707-43B3-A845-6CB140FE0529}.AppStore|x64.ActiveCfg = Release|x64
		{276E7FDA-8707-43B3-A845-6CB140FE0529}.AppStore|x64.Build.0 = Release|x64
		{276E7FDA-8707-43B3-A845-6CB140FE0529}.AppStore|x64.Deploy.0 = Release|x64
		{276E7FDA-8707-43B3-A845-6CB140FE0529}.AppStore|x86.ActiveCfg = Release|x86
		{276E7FDA-8707-43B3-A845-6CB140FE0529}.AppStore|x86.Build.0 = Release|x86
		{276E7FDA-8707-43B3-A845-6CB140FE0529}.AppStore|x86.Deploy.0 = Release|x86
		{276E7FDA-8707-43B3-A845-6CB140FE0529}.Debug|Any CPU.ActiveCfg = Debug|x86
		{276E7FDA-8707-43B3-A845-6CB140FE0529}.Debug|Any CPU.Build.0 = Debug|x86
		{276E7FDA-8707-43B3-A845-6CB140FE0529}.Debug|Any CPU.Deploy.0 = Debug|x86
		{276E7FDA-8707-43B3-A845-6CB140FE0529}.Debug|ARM.ActiveCfg = Debug|ARM
		{276E7FDA-8707-43B3-A845-6CB140FE0529}.Debug|ARM.Build.0 = Debug|ARM
		{276E7FDA-8707-43B3-A845-6CB140FE0529}.Debug|ARM.Deploy.0 = Debug|ARM
		{276E7FDA-8707-43B3-A845-6CB140FE0529}.Debug|iPhone.ActiveCfg = Debug|x86
		{276E7FDA-8707-43B3-A845-6CB140FE0529}.Debug|iPhone.Build.0 = Debug|x86
		{276E7FDA-8707-43B3-A845-6CB140FE0529}.Debug|iPhone.Deploy.0 = Debug|x86
		{276E7FDA-8707-43B3-A845-6CB140FE0529}.Debug|iPhoneSimulator.ActiveCfg = Debug|x86
		{276E7FDA-8707-43B3-A845-6CB140FE0529}.Debug|iPhoneSimulator.Build.0 = Debug|x86
		{276E7FDA-8707-43B3-A845-6CB140FE0529}.Debug|iPhoneSimulator.Deploy.0 = Debug|x86
		{276E7FDA-8707-43B3-A845-6CB140FE0529}.Debug|x64.ActiveCfg = Debug|x64
		{276E7FDA-8707-43B3-A845-6CB140FE0529}.Debug|x64.Build.0 = Debug|x64
		{276E7FDA-8707-43B3-A845-6CB140FE0529}.Debug|x64.Deploy.0 = Debug|x64
		{276E7FDA-8707-43B3-A845-6CB140FE0529}.Debug|x86.ActiveCfg = Debug|x86
		{276E7FDA-8707-43B3-A845-6CB140FE0529}.Debug|x86.Build.0 = Debug|x86
		{276E7FDA-8707-43B3-A845-6CB140FE0529}.Debug|x86.Deploy.0 = Debug|x86
		{276E7FDA-8707-43B3-A845-6CB140FE0529}.Release|Any CPU.ActiveCfg = Release|x86
		{276E7FDA-8707-43B3-A845-6CB140FE0529}.Release|Any CPU.Build.0 = Release|x86
		{276E7FDA-8707-43B3-A845-6CB140FE0529}.Release|Any CPU.Deploy.0 = Release|x86
		{276E7FDA-8707-43B3-A845-6CB140FE0529}.Release|ARM.ActiveCfg = Release|ARM
		{276E7FDA-8707-43B3-A845-6CB140FE0529}.Release|ARM.Build.0 = Release|ARM
		{276E7FDA-8707-43B3-A845-6CB140FE0529}.Release|ARM.Deploy.0 = Release|ARM
		{276E7FDA-8707-43B3-A845-6CB140FE0529}.Release|iPhone.ActiveCfg = Release|x86
		{276E7FDA-8707-43B3-A845-6CB140FE0529}.Release|iPhone.Build.0 = Release|x86
		{276E7FDA-8707-43B3-A845-6CB140FE0529}.Release|iPhone.Deploy.0 = Release|x86
		{276E7FDA-8707-43B3-A845-6CB140FE0529}.Release|iPhoneSimulator.ActiveCfg = Release|x86
		{276E7FDA-8707-43B3-A845-6CB140FE0529}.Release|iPhoneSimulator.Build.0 = Release|x86
		{276E7FDA-8707-43B3-A845-6CB140FE0529}.Release|iPhoneSimulator.Deploy.0 = Release|x86
		{276E7FDA-8707-43B3-A845-6CB140FE0529}.Release|x64.ActiveCfg = Release|x64
		{276E7FDA-8707-43B3-A845-6CB140FE0529}.Release|x64.Build.0 = Release|x64
		{276E7FDA-8707-43B3-A845-6CB140FE0529}.Release|x64.Deploy.0 = Release|x64
		{276E7FDA-8707-43B3-A845-6CB140FE0529}.Release|x86.ActiveCfg = Release|x86
		{276E7FDA-8707-43B3-A845-6CB140FE0529}.Release|x86.Build.0 = Release|x86
		{276E7FDA-8707-43B3-A845-6CB140FE0529}.Release|x86.Deploy.0 = Release|x86
		{D252DBA0-08F5-4FDF-B2C2-876752948E10}.Ad-Hoc|Any CPU.ActiveCfg = Debug|Any CPU
		{D252DBA0-08F5-4FDF-B2C2-876752948E10}.Ad-Hoc|Any CPU.Build.0 = Debug|Any CPU
		{D252DBA0-08F5-4FDF-B2C2-876752948E10}.Ad-Hoc|Any CPU.Deploy.0 = Debug|Any CPU
		{D252DBA0-08F5-4FDF-B2C2-876752948E10}.Ad-Hoc|ARM.ActiveCfg = Debug|Any CPU
		{D252DBA0-08F5-4FDF-B2C2-876752948E10}.Ad-Hoc|ARM.Build.0 = Debug|Any CPU
		{D252DBA0-08F5-4FDF-B2C2-876752948E10}.Ad-Hoc|ARM.Deploy.0 = Debug|Any CPU
		{D252DBA0-08F5-4FDF-B2C2-876752948E10}.Ad-Hoc|iPhone.ActiveCfg = Debug|Any CPU
		{D252DBA0-08F5-4FDF-B2C2-876752948E10}.Ad-Hoc|iPhone.Build.0 = Debug|Any CPU
		{D252DBA0-08F5-4FDF-B2C2-876752948E10}.Ad-Hoc|iPhone.Deploy.0 = Debug|Any CPU
		{D252DBA0-08F5-4FDF-B2C2-876752948E10}.Ad-Hoc|iPhoneSimulator.ActiveCfg = Debug|Any CPU
		{D252DBA0-08F5-4FDF-B2C2-876752948E10}.Ad-Hoc|iPhoneSimulator.Build.0 = Debug|Any CPU
		{D252DBA0-08F5-4FDF-B2C2-876752948E10}.Ad-Hoc|iPhoneSimulator.Deploy.0 = Debug|Any CPU
		{D252DBA0-08F5-4FDF-B2C2-876752948E10}.Ad-Hoc|x64.ActiveCfg = Debug|Any CPU
		{D252DBA0-08F5-4FDF-B2C2-876752948E10}.Ad-Hoc|x64.Build.0 = Debug|Any CPU
		{D252DBA0-08F5-4FDF-B2C2-876752948E10}.Ad-Hoc|x64.Deploy.0 = Debug|Any CPU
		{D252DBA0-08F5-4FDF-B2C2-876752948E10}.Ad-Hoc|x86.ActiveCfg = Debug|Any CPU
		{D252DBA0-08F5-4FDF-B2C2-876752948E10}.Ad-Hoc|x86.Build.0 = Debug|Any CPU
		{D252DBA0-08F5-4FDF-B2C2-876752948E10}.Ad-Hoc|x86.Deploy.0 = Debug|Any CPU
		{D252DBA0-08F5-4FDF-B2C2-876752948E10}.AppStore|Any CPU.ActiveCfg = Debug|Any CPU
		{D252DBA0-08F5-4FDF-B2C2-876752948E10}.AppStore|Any CPU.Build.0 = Debug|Any CPU
		{D252DBA0-08F5-4FDF-B2C2-876752948E10}.AppStore|Any CPU.Deploy.0 = Debug|Any CPU
		{D252DBA0-08F5-4FDF-B2C2-876752948E10}.AppStore|ARM.ActiveCfg = Debug|Any CPU
		{D252DBA0-08F5-4FDF-B2C2-876752948E10}.AppStore|ARM.Build.0 = Debug|Any CPU
		{D252DBA0-08F5-4FDF-B2C2-876752948E10}.AppStore|ARM.Deploy.0 = Debug|Any CPU
		{D252DBA0-08F5-4FDF-B2C2-876752948E10}.AppStore|iPhone.ActiveCfg = Debug|Any CPU
		{D252DBA0-08F5-4FDF-B2C2-876752948E10}.AppStore|iPhone.Build.0 = Debug|Any CPU
		{D252DBA0-08F5-4FDF-B2C2-876752948E10}.AppStore|iPhone.Deploy.0 = Debug|Any CPU
		{D252DBA0-08F5-4FDF-B2C2-876752948E10}.AppStore|iPhoneSimulator.ActiveCfg = Debug|Any CPU
		{D252DBA0-08F5-4FDF-B2C2-876752948E10}.AppStore|iPhoneSimulator.Build.0 = Debug|Any CPU
		{D252DBA0-08F5-4FDF-B2C2-876752948E10}.AppStore|iPhoneSimulator.Deploy.0 = Debug|Any CPU
		{D252DBA0-08F5-4FDF-B2C2-876752948E10}.AppStore|x64.ActiveCfg = Debug|Any CPU
		{D252DBA0-08F5-4FDF-B2C2-876752948E10}.AppStore|x64.Build.0 = Debug|Any CPU
		{D252DBA0-08F5-4FDF-B2C2-876752948E10}.AppStore|x64.Deploy.0 = Debug|Any CPU
		{D252DBA0-08F5-4FDF-B2C2-876752948E10}.AppStore|x86.ActiveCfg = Debug|Any CPU
		{D252DBA0-08F5-4FDF-B2C2-876752948E10}.AppStore|x86.Build.0 = Debug|Any CPU
		{D252DBA0-08F5-4FDF-B2C2-876752948E10}.AppStore|x86.Deploy.0 = Debug|Any CPU
		{D252DBA0-08F5-4FDF-B2C2-876752948E10}.Debug|Any CPU.ActiveCfg = Debug|Any CPU
		{D252DBA0-08F5-4FDF-B2C2-876752948E10}.Debug|Any CPU.Build.0 = Debug|Any CPU
		{D252DBA0-08F5-4FDF-B2C2-876752948E10}.Debug|Any CPU.Deploy.0 = Debug|Any CPU
		{D252DBA0-08F5-4FDF-B2C2-876752948E10}.Debug|ARM.ActiveCfg = Debug|Any CPU
		{D252DBA0-08F5-4FDF-B2C2-876752948E10}.Debug|ARM.Build.0 = Debug|Any CPU
		{D252DBA0-08F5-4FDF-B2C2-876752948E10}.Debug|ARM.Deploy.0 = Debug|Any CPU
		{D252DBA0-08F5-4FDF-B2C2-876752948E10}.Debug|iPhone.ActiveCfg = Debug|Any CPU
		{D252DBA0-08F5-4FDF-B2C2-876752948E10}.Debug|iPhone.Build.0 = Debug|Any CPU
		{D252DBA0-08F5-4FDF-B2C2-876752948E10}.Debug|iPhone.Deploy.0 = Debug|Any CPU
		{D252DBA0-08F5-4FDF-B2C2-876752948E10}.Debug|iPhoneSimulator.ActiveCfg = Debug|Any CPU
		{D252DBA0-08F5-4FDF-B2C2-876752948E10}.Debug|iPhoneSimulator.Build.0 = Debug|Any CPU
		{D252DBA0-08F5-4FDF-B2C2-876752948E10}.Debug|iPhoneSimulator.Deploy.0 = Debug|Any CPU
		{D252DBA0-08F5-4FDF-B2C2-876752948E10}.Debug|x64.ActiveCfg = Debug|Any CPU
		{D252DBA0-08F5-4FDF-B2C2-876752948E10}.Debug|x64.Build.0 = Debug|Any CPU
		{D252DBA0-08F5-4FDF-B2C2-876752948E10}.Debug|x64.Deploy.0 = Debug|Any CPU
		{D252DBA0-08F5-4FDF-B2C2-876752948E10}.Debug|x86.ActiveCfg = Debug|Any CPU
		{D252DBA0-08F5-4FDF-B2C2-876752948E10}.Debug|x86.Build.0 = Debug|Any CPU
		{D252DBA0-08F5-4FDF-B2C2-876752948E10}.Debug|x86.Deploy.0 = Debug|Any CPU
		{D252DBA0-08F5-4FDF-B2C2-876752948E10}.Release|Any CPU.ActiveCfg = Release|Any CPU
		{D252DBA0-08F5-4FDF-B2C2-876752948E10}.Release|Any CPU.Build.0 = Release|Any CPU
		{D252DBA0-08F5-4FDF-B2C2-876752948E10}.Release|Any CPU.Deploy.0 = Release|Any CPU
		{D252DBA0-08F5-4FDF-B2C2-876752948E10}.Release|ARM.ActiveCfg = Release|Any CPU
		{D252DBA0-08F5-4FDF-B2C2-876752948E10}.Release|ARM.Build.0 = Release|Any CPU
		{D252DBA0-08F5-4FDF-B2C2-876752948E10}.Release|ARM.Deploy.0 = Release|Any CPU
		{D252DBA0-08F5-4FDF-B2C2-876752948E10}.Release|iPhone.ActiveCfg = Release|Any CPU
		{D252DBA0-08F5-4FDF-B2C2-876752948E10}.Release|iPhone.Build.0 = Release|Any CPU
		{D252DBA0-08F5-4FDF-B2C2-876752948E10}.Release|iPhone.Deploy.0 = Release|Any CPU
		{D252DBA0-08F5-4FDF-B2C2-876752948E10}.Release|iPhoneSimulator.ActiveCfg = Release|Any CPU
		{D252DBA0-08F5-4FDF-B2C2-876752948E10}.Release|iPhoneSimulator.Build.0 = Release|Any CPU
		{D252DBA0-08F5-4FDF-B2C2-876752948E10}.Release|iPhoneSimulator.Deploy.0 = Release|Any CPU
		{D252DBA0-08F5-4FDF-B2C2-876752948E10}.Release|x64.ActiveCfg = Release|Any CPU
		{D252DBA0-08F5-4FDF-B2C2-876752948E10}.Release|x64.Build.0 = Release|Any CPU
		{D252DBA0-08F5-4FDF-B2C2-876752948E10}.Release|x64.Deploy.0 = Release|Any CPU
		{D252DBA0-08F5-4FDF-B2C2-876752948E10}.Release|x86.ActiveCfg = Release|Any CPU
		{D252DBA0-08F5-4FDF-B2C2-876752948E10}.Release|x86.Build.0 = Release|Any CPU
		{D252DBA0-08F5-4FDF-B2C2-876752948E10}.Release|x86.Deploy.0 = Release|Any CPU
	EndGlobalSection
	GlobalSection(SolutionProperties) = preSolution
		HideSolutionNode = FALSE
	EndGlobalSection
	GlobalSection(ExtensibilityGlobals) = postSolution
		SolutionGuid = {438C45D5-C81A-4961-9AA3-A3AC4C3ED1E9}
	EndGlobalSection
EndGlobal
